{
  "name": "typosquat-app",
  "version": "1.0.0",
  "lockfileVersion": 3,
  "requires": true,
  "packages": {
    "": {
      "name": "typosquat-app",
      "version": "1.0.0",
      "dependencies": {
        "expres": "4.18.1"
      }
    },
    "node_modules/expres": {
      "version": "4.18.1",
      "resolved": "https://registry.npmjs.org/expres/-/expres-4.18.1.tgz",
      "integrity": "sha512-dHlwb3NxcXF0LXZhbC10dHlwYW50LWZpeHR1cmUtaGFzaC1leHByZXMtZGVwZW5lbXktdGVzdA=="
    }
  }
}
