{
  "name": "composite-score-app",
  "version": "1.0.0",
  "lockfileVersion": 3,
  "requires": true,
  "packages": {
    "": {
      "name": "composite-score-app",
      "version": "1.0.0",
      "dependencies": {
        "@test-fixture/composite-risk-depenemy-test": "0.1.0"
      }
    },
    "node_modules/@test-fixture/composite-risk-depenemy-test": {
      "version": "0.1.0",
      "resolved": "https://registry.npmjs.org/@test-fixture/composite-risk-depenemy-test/-/composite-risk-depenemy-test-0.1.0.tgz",
      "integrity": "sha512-Y29tcG9zaXRlLXJpc2stZml4dHVyZS1oYXNoLXZhbHVlLWZvci1kZXBlbmVteS10ZXN0cw=="
    }
  }
}
