{
  "name": "ghost-repo-app",
  "version": "1.0.0",
  "lockfileVersion": 3,
  "requires": true,
  "packages": {
    "": {
      "name": "ghost-repo-app",
      "version": "1.0.0",
      "dependencies": {
        "@test-fixture/ghost-repo-depenemy-test": "1.0.0"
      }
    },
    "node_modules/@test-fixture/ghost-repo-depenemy-test": {
      "version": "1.0.0",
      "resolved": "https://registry.npmjs.org/@test-fixture/ghost-repo-depenemy-test/-/ghost-repo-depenemy-test-1.0.0.tgz",
      "integrity": "sha512-Z2hvc3QtcmVwby1maXh0dXJlLWhhc2gtdmFsdWUtZm9yLWRlcGVuZW15LXRlc3Rz"
    }
  }
}
