{
  "name": "bulk-publish-app",
  "version": "1.0.0",
  "lockfileVersion": 3,
  "requires": true,
  "packages": {
    "": {
      "name": "bulk-publish-app",
      "version": "1.0.0",
      "dependencies": {
        "@test-fixture/bulk-published-depenemy-test": "0.0.1"
      }
    },
    "node_modules/@test-fixture/bulk-published-depenemy-test": {
      "version": "0.0.1",
      "resolved": "https://registry.npmjs.org/@test-fixture/bulk-published-depenemy-test/-/bulk-published-depenemy-test-0.0.1.tgz",
      "integrity": "sha512-YnVsay1wdWJsaXNoLWZpeHR1cmUtaGFzaC12YWx1ZS1mb3ItZGVwZW5lbXktdGVzdHM="
    }
  }
}
