{
  "name": "identity-mismatch-app",
  "version": "1.0.0",
  "lockfileVersion": 3,
  "requires": true,
  "packages": {
    "": {
      "name": "identity-mismatch-app",
      "version": "1.0.0",
      "dependencies": {
        "@test-fixture/identity-mismatch-depenemy-test": "2.3.0"
      }
    },
    "node_modules/@test-fixture/identity-mismatch-depenemy-test": {
      "version": "2.3.0",
      "resolved": "https://registry.npmjs.org/@test-fixture/identity-mismatch-depenemy-test/-/identity-mismatch-depenemy-test-2.3.0.tgz",
      "integrity": "sha512-aWRlbnRpdHktbWlzbWF0Y2gtZml4dHVyZS1oYXNoLXZhbHVlLWZvci10ZXN0cw=="
    }
  }
}
