{
  "name": "hash-mismatch-app",
  "version": "1.0.0",
  "lockfileVersion": 3,
  "requires": true,
  "packages": {
    "": {
      "name": "hash-mismatch-app",
      "version": "1.0.0",
      "dependencies": {
        "@test-fixture/hash-tampered-depenemy-test": "2.0.1"
      }
    },
    "node_modules/@test-fixture/hash-tampered-depenemy-test": {
      "version": "2.0.1",
      "resolved": "https://registry.npmjs.org/@test-fixture/hash-tampered-depenemy-test/-/hash-tampered-depenemy-test-2.0.1.tgz",
      "integrity": "sha512-dGVzdGZpeHR1cmUtTE9DS0ZJTEUtVEFNUEVSRUQtaGFzaC12YWx1ZS1mb3ItZGVwZW5lbXktdGVzdC1maXh0dXJlcw=="
    }
  }
}
