{
  "name": "real-attack-simulation-app",
  "version": "1.0.0",
  "lockfileVersion": 3,
  "requires": true,
  "packages": {
    "": {
      "name": "real-attack-simulation-app",
      "version": "1.0.0",
      "dependencies": {
        "@test-fixture/axios-pattern-depenemy-test": "1.14.1"
      }
    },
    "node_modules/@test-fixture/axios-pattern-depenemy-test": {
      "version": "1.14.1",
      "resolved": "https://registry.npmjs.org/@test-fixture/axios-pattern-depenemy-test/-/axios-pattern-depenemy-test-1.14.1.tgz",
      "integrity": "sha512-YXhpb3MtcGF0dGVybi1MT0NLRklMRS1IQVNILXRhbXBlcmVkLXZhbHVlLWZvci10ZXN0cw=="
    }
  }
}
