{
  "name": "my-clean-app",
  "version": "1.0.0",
  "lockfileVersion": 3,
  "requires": true,
  "packages": {
    "": {
      "name": "my-clean-app",
      "version": "1.0.0",
      "dependencies": {
        "@test-fixture/well-maintained-depenemy-test": "1.2.3"
      }
    },
    "node_modules/@test-fixture/well-maintained-depenemy-test": {
      "version": "1.2.3",
      "resolved": "https://registry.npmjs.org/@test-fixture/well-maintained-depenemy-test/-/well-maintained-depenemy-test-1.2.3.tgz",
      "integrity": "sha512-Y2xlYW4tZml4dHVyZS1oYXNoLXZhbHVlLWZvci1kZXBlbmVteS10ZXN0cy0tc2FmZS1wYWNrYWdl"
    }
  }
}
