{
  "name": "lockfile-injection-app",
  "version": "1.0.0",
  "lockfileVersion": 3,
  "requires": true,
  "packages": {
    "": {
      "name": "lockfile-injection-app",
      "version": "1.0.0",
      "dependencies": {
        "@test-fixture/injected-dep-depenemy-test": "1.0.0"
      }
    },
    "node_modules/@test-fixture/injected-dep-depenemy-test": {
      "version": "1.0.0",
      "resolved": "https://registry.npmjs.org/malware-payload/-/malware-payload-1.0.0.tgz",
      "integrity": "sha512-aW5qZWN0ZWQtZGVwLWZpeHR1cmUtaGFzaC12YWx1ZS1mb3ItZGVwZW5lbXktdGVzdC1maXh0dXJlcw=="
    }
  }
}
