{
  "name": "bad-registry-app",
  "version": "1.0.0",
  "lockfileVersion": 3,
  "requires": true,
  "packages": {
    "": {
      "name": "bad-registry-app",
      "version": "1.0.0",
      "dependencies": {
        "@test-fixture/private-mirror-depenemy-test": "3.1.0"
      }
    },
    "node_modules/@test-fixture/private-mirror-depenemy-test": {
      "version": "3.1.0",
      "resolved": "https://npm.evil-corp-internal.example.com/@test-fixture/private-mirror-depenemy-test/-/private-mirror-depenemy-test-3.1.0.tgz",
      "integrity": "sha512-YmFkLXJlZ2lzdHJ5LWZpeHR1cmUtaGFzaC12YWx1ZS1mb3ItZGVwZW5lbXktdGVzdC1maXh0dXJlcw=="
    }
  }
}
