{
  "name": "install-script-app",
  "version": "1.0.0",
  "lockfileVersion": 3,
  "requires": true,
  "packages": {
    "": {
      "name": "install-script-app",
      "version": "1.0.0",
      "dependencies": {
        "@test-fixture/postinstall-pkg-depenemy-test": "0.9.1"
      }
    },
    "node_modules/@test-fixture/postinstall-pkg-depenemy-test": {
      "version": "0.9.1",
      "resolved": "https://registry.npmjs.org/@test-fixture/postinstall-pkg-depenemy-test/-/postinstall-pkg-depenemy-test-0.9.1.tgz",
      "integrity": "sha512-cG9zdGluc3RhbGwtZml4dHVyZS1oYXNoLXZhbHVlLWZvci1kZXBlbmVteS10ZXN0cw==",
      "hasInstallScript": true
    }
  }
}
